
Microsoft Visual Studio Solution File, Format Version 12.00
# Visual Studio Version 17
VisualStudioVersion = 17.10.35201.131
MinimumVisualStudioVersion = 10.0.40219.1
Project("{FAE04EC0-301F-11D3-BF4B-00C04F79EFBC}") = "Application", "Application\Application.csproj", "{CD08F2CD-15E8-4B38-A17B-39C606736CA3}"
EndProject
Project("{FAE04EC0-301F-11D3-BF4B-00C04F79EFBC}") = "Domain", "Domain\Domain.csproj", "{CEB33B6E-3052-4D06-8940-A9215F3DE65B}"
EndProject
Project("{FAE04EC0-301F-11D3-BF4B-00C04F79EFBC}") = "Infrastructure", "Infrastructure\Infrastructure.csproj", "{8B77E1C8-423D-42DC-B97D-DD6F3E335497}"
EndProject
Project("{FAE04EC0-301F-11D3-BF4B-00C04F79EFBC}") = "WebAPI", "WebAPI\WebAPI.csproj", "{FBA0641C-4D31-4DF3-93FB-B2DB0DA92FF2}"
EndProject
Global
	GlobalSection(SolutionConfigurationPlatforms) = preSolution
		Debug|Any CPU = Debug|Any CPU
		Release|Any CPU = Release|Any CPU
	EndGlobalSection
	GlobalSection(ProjectConfigurationPlatforms) = postSolution
		{CD08F2CD-15E8-4B38-A17B-39C606736CA3}.Debug|Any CPU.ActiveCfg = Debug|Any CPU
		{CD08F2CD-15E8-4B38-A17B-39C606736CA3}.Debug|Any CPU.Build.0 = Debug|Any CPU
		{CD08F2CD-15E8-4B38-A17B-39C606736CA3}.Release|Any CPU.ActiveCfg = Release|Any CPU
		{CD08F2CD-15E8-4B38-A17B-39C606736CA3}.Release|Any CPU.Build.0 = Release|Any CPU
		{CEB33B6E-3052-4D06-8940-A9215F3DE65B}.Debug|Any CPU.ActiveCfg = Debug|Any CPU
		{CEB33B6E-3052-4D06-8940-A9215F3DE65B}.Debug|Any CPU.Build.0 = Debug|Any CPU
		{CEB33B6E-3052-4D06-8940-A9215F3DE65B}.Release|Any CPU.ActiveCfg = Release|Any CPU
		{CEB33B6E-3052-4D06-8940-A9215F3DE65B}.Release|Any CPU.Build.0 = Release|Any CPU
		{8B77E1C8-423D-42DC-B97D-DD6F3E335497}.Debug|Any CPU.ActiveCfg = Debug|Any CPU
		{8B77E1C8-423D-42DC-B97D-DD6F3E335497}.Debug|Any CPU.Build.0 = Debug|Any CPU
		{8B77E1C8-423D-42DC-B97D-DD6F3E335497}.Release|Any CPU.ActiveCfg = Release|Any CPU
		{8B77E1C8-423D-42DC-B97D-DD6F3E335497}.Release|Any CPU.Build.0 = Release|Any CPU
		{FBA0641C-4D31-4DF3-93FB-B2DB0DA92FF2}.Debug|Any CPU.ActiveCfg = Debug|Any CPU
		{FBA0641C-4D31-4DF3-93FB-B2DB0DA92FF2}.Debug|Any CPU.Build.0 = Debug|Any CPU
		{FBA0641C-4D31-4DF3-93FB-B2DB0DA92FF2}.Release|Any CPU.ActiveCfg = Release|Any CPU
		{FBA0641C-4D31-4DF3-93FB-B2DB0DA92FF2}.Release|Any CPU.Build.0 = Release|Any CPU
	EndGlobalSection
	GlobalSection(SolutionProperties) = preSolution
		HideSolutionNode = FALSE
	EndGlobalSection
	GlobalSection(ExtensibilityGlobals) = postSolution
		SolutionGuid = {4BD2500B-9007-4394-A5A7-6A805A618894}
	EndGlobalSection
EndGlobal
